
Microsoft Visual Studio Solution File, Format Version 12.00
# Visual Studio Version 17
VisualStudioVersion = 17.2.32602.215
MinimumVisualStudioVersion = 10.0.40219.1
Project("{FAE04EC0-301F-11D3-BF4B-00C04F79EFBC}") = "MASAB2B", "MASAB2B\MASAB2B.csproj", "{CD51E048-3A2F-4DA5-8734-76E862F3B6E0}"
EndProject
Project("{FAE04EC0-301F-11D3-BF4B-00C04F79EFBC}") = "DAL", "DAL\DAL.csproj", "{F8F256AB-739B-4BF2-8913-E0D76AB756CE}"
EndProject
Project("{FAE04EC0-301F-11D3-BF4B-00C04F79EFBC}") = "LOGIC", "LOGIC\LOGIC.csproj", "{216658E9-7FFE-447D-B47F-48519C7A5E01}"
EndProject
Global
	GlobalSection(SolutionConfigurationPlatforms) = preSolution
		Debug|Any CPU = Debug|Any CPU
		Release|Any CPU = Release|Any CPU
	EndGlobalSection
	GlobalSection(ProjectConfigurationPlatforms) = postSolution
		{CD51E048-3A2F-4DA5-8734-76E862F3B6E0}.Debug|Any CPU.ActiveCfg = Debug|Any CPU
		{CD51E048-3A2F-4DA5-8734-76E862F3B6E0}.Debug|Any CPU.Build.0 = Debug|Any CPU
		{CD51E048-3A2F-4DA5-8734-76E862F3B6E0}.Release|Any CPU.ActiveCfg = Release|Any CPU
		{CD51E048-3A2F-4DA5-8734-76E862F3B6E0}.Release|Any CPU.Build.0 = Release|Any CPU
		{F8F256AB-739B-4BF2-8913-E0D76AB756CE}.Debug|Any CPU.ActiveCfg = Debug|Any CPU
		{F8F256AB-739B-4BF2-8913-E0D76AB756CE}.Debug|Any CPU.Build.0 = Debug|Any CPU
		{F8F256AB-739B-4BF2-8913-E0D76AB756CE}.Release|Any CPU.ActiveCfg = Release|Any CPU
		{F8F256AB-739B-4BF2-8913-E0D76AB756CE}.Release|Any CPU.Build.0 = Release|Any CPU
		{216658E9-7FFE-447D-B47F-48519C7A5E01}.Debug|Any CPU.ActiveCfg = Debug|Any CPU
		{216658E9-7FFE-447D-B47F-48519C7A5E01}.Debug|Any CPU.Build.0 = Debug|Any CPU
		{216658E9-7FFE-447D-B47F-48519C7A5E01}.Release|Any CPU.ActiveCfg = Release|Any CPU
		{216658E9-7FFE-447D-B47F-48519C7A5E01}.Release|Any CPU.Build.0 = Release|Any CPU
	EndGlobalSection
	GlobalSection(SolutionProperties) = preSolution
		HideSolutionNode = FALSE
	EndGlobalSection
	GlobalSection(ExtensibilityGlobals) = postSolution
		SolutionGuid = {11000A31-E9CE-44DE-8E93-724F8EE99109}
	EndGlobalSection
EndGlobal
